
Microsoft Visual Studio Solution File, Format Version 12.00
# Visual Studio Version 17
VisualStudioVersion = 17.5.002.0
MinimumVisualStudioVersion = 10.0.40219.1
Project("{9A19103F-16F7-4668-BE54-9A1E7A4F7556}") = "itb2203_2024_predictiongame", "BackEnd\itb2203_2024_predictiongame.csproj", "{EEE36CDD-2679-4913-AE56-AEB0FC4DE30D}"
EndProject
Global
	GlobalSection(SolutionConfigurationPlatforms) = preSolution
		Debug|Any CPU = Debug|Any CPU
		Release|Any CPU = Release|Any CPU
	EndGlobalSection
	GlobalSection(ProjectConfigurationPlatforms) = postSolution
		{EEE36CDD-2679-4913-AE56-AEB0FC4DE30D}.Debug|Any CPU.ActiveCfg = Debug|Any CPU
		{EEE36CDD-2679-4913-AE56-AEB0FC4DE30D}.Debug|Any CPU.Build.0 = Debug|Any CPU
		{EEE36CDD-2679-4913-AE56-AEB0FC4DE30D}.Release|Any CPU.ActiveCfg = Release|Any CPU
		{EEE36CDD-2679-4913-AE56-AEB0FC4DE30D}.Release|Any CPU.Build.0 = Release|Any CPU
	EndGlobalSection
	GlobalSection(SolutionProperties) = preSolution
		HideSolutionNode = FALSE
	EndGlobalSection
	GlobalSection(ExtensibilityGlobals) = postSolution
		SolutionGuid = {24923035-7A54-4295-8A12-954DE4D9497D}
	EndGlobalSection
EndGlobal
